
Microsoft Visual Studio Solution File, Format Version 12.00
# Visual Studio Version 16
VisualStudioVersion = 16.0.30002.166
MinimumVisualStudioVersion = 10.0.40219.1
Project("{8BC9CEB8-8B4A-11D0-8D11-00A0C91BC942}") = "Intro_Project_Variables", "Intro_Project_Variables\Intro_Project_Variables.vcxproj", "{D42D98C2-63A5-41EB-A159-D2F5BC135C7C}"
EndProject
Global
	GlobalSection(SolutionConfigurationPlatforms) = preSolution
		Debug|x64 = Debug|x64
		Debug|x86 = Debug|x86
		Release|x64 = Release|x64
		Release|x86 = Release|x86
	EndGlobalSection
	GlobalSection(ProjectConfigurationPlatforms) = postSolution
		{D42D98C2-63A5-41EB-A159-D2F5BC135C7C}.Debug|x64.ActiveCfg = Debug|x64
		{D42D98C2-63A5-41EB-A159-D2F5BC135C7C}.Debug|x64.Build.0 = Debug|x64
		{D42D98C2-63A5-41EB-A159-D2F5BC135C7C}.Debug|x86.ActiveCfg = Debug|Win32
		{D42D98C2-63A5-41EB-A159-D2F5BC135C7C}.Debug|x86.Build.0 = Debug|Win32
		{D42D98C2-63A5-41EB-A159-D2F5BC135C7C}.Release|x64.ActiveCfg = Release|x64
		{D42D98C2-63A5-41EB-A159-D2F5BC135C7C}.Release|x64.Build.0 = Release|x64
		{D42D98C2-63A5-41EB-A159-D2F5BC135C7C}.Release|x86.ActiveCfg = Release|Win32
		{D42D98C2-63A5-41EB-A159-D2F5BC135C7C}.Release|x86.Build.0 = Release|Win32
	EndGlobalSection
	GlobalSection(SolutionProperties) = preSolution
		HideSolutionNode = FALSE
	EndGlobalSection
	GlobalSection(ExtensibilityGlobals) = postSolution
		SolutionGuid = {BC08745F-687E-48A9-B657-8EC24C1D2F22}
	EndGlobalSection
EndGlobal
